Microsoft Visual Studio Solution File, Format Version 10.00
# Visual Studio 2008
Project("{F184B08F-C81C-45F6-A57F-5ABD9991F28F}") = "ColorEditExample", "ColorEditExample\ColorEditExample.vbproj", "{179E390A-4CEF-409F-91BC-FFA6879E92BA}"
EndProject
Global
	GlobalSection(SolutionConfigurationPlatforms) = preSolution
		Debug|Any CPU = Debug|Any CPU
		Release|Any CPU = Release|Any CPU
	EndGlobalSection
	GlobalSection(ProjectConfigurationPlatforms) = postSolution
		{179E390A-4CEF-409F-91BC-FFA6879E92BA}.Debug|Any CPU.ActiveCfg = Debug|Any CPU
		{179E390A-4CEF-409F-91BC-FFA6879E92BA}.Debug|Any CPU.Build.0 = Debug|Any CPU
		{179E390A-4CEF-409F-91BC-FFA6879E92BA}.Release|Any CPU.ActiveCfg = Release|Any CPU
		{179E390A-4CEF-409F-91BC-FFA6879E92BA}.Release|Any CPU.Build.0 = Release|Any CPU
	EndGlobalSection
	GlobalSection(SolutionProperties) = preSolution
		HideSolutionNode = FALSE
	EndGlobalSection
EndGlobal
